# @generated by Move, please check-in and do not edit manually.

[move]
version = 0

dependencies = [
  { name = "Sui" },
]

[[move.package]]
name = "MoveStdlib"
<<<<<<< HEAD
source = { git = "https://github.com/MystenLabs/sui.git", rev = "testnet-v1.1.0", subdir = "crates/sui-framework/packages/move-stdlib" }

[[move.package]]
name = "Sui"
source = { git = "https://github.com/MystenLabs/sui.git", rev = "testnet-v1.1.0", subdir = "crates/sui-framework/packages/sui-framework" }
=======
source = { git = "https://github.com/MystenLabs/sui.git", rev = "mainnet-v1.6.3", subdir = "crates/sui-framework/packages/move-stdlib" }

[[move.package]]
name = "Sui"
source = { git = "https://github.com/MystenLabs/sui.git", rev = "mainnet-v1.6.3", subdir = "crates/sui-framework/packages/sui-framework" }
>>>>>>> sui-mainnet-v1.6.3

dependencies = [
  { name = "MoveStdlib" },
]
